# THIS IS AN AUTOGENERATED FILE. DO NOT EDIT THIS FILE DIRECTLY.
# yarn lockfile v1


"@esbuild/android-arm64@0.17.5":
  version "0.17.5"
  resolved "https://registry.yarnpkg.com/@esbuild/android-arm64/-/android-arm64-0.17.5.tgz#a145f43018e639bed94ed637369e2dcdd6bf9ea2"
  integrity sha512-KHWkDqYAMmKZjY4RAN1PR96q6UOtfkWlTS8uEwWxdLtkRt/0F/csUhXIrVfaSIFxnscIBMPynGfhsMwQDRIBQw==

"@esbuild/android-arm@0.17.5":
  version "0.17.5"
  resolved "https://registry.yarnpkg.com/@esbuild/android-arm/-/android-arm-0.17.5.tgz#9fa2deff7fc5d180bb4ecff70beea3a95ac44251"
  integrity sha512-crmPUzgCmF+qZXfl1YkiFoUta2XAfixR1tEnr/gXIixE+WL8Z0BGqfydP5oox0EUOgQMMRgtATtakyAcClQVqQ==

"@esbuild/android-x64@0.17.5":
  version "0.17.5"
  resolved "https://registry.yarnpkg.com/@esbuild/android-x64/-/android-x64-0.17.5.tgz#145fc61f810400e65a56b275280d1422a102c2ef"
  integrity sha512-8fI/AnIdmWz/+1iza2WrCw8kwXK9wZp/yZY/iS8ioC+U37yJCeppi9EHY05ewJKN64ASoBIseufZROtcFnX5GA==

"@esbuild/darwin-arm64@0.17.5":
  version "0.17.5"
  resolved "https://registry.yarnpkg.com/@esbuild/darwin-arm64/-/darwin-arm64-0.17.5.tgz#61fb0546aa4bae0850817d6e0d008b1cb3f64b49"
  integrity sha512-EAvaoyIySV6Iif3NQCglUNpnMfHSUgC5ugt2efl3+QDntucJe5spn0udNZjTgNi6tKVqSceOw9tQ32liNZc1Xw==

"@esbuild/darwin-x64@0.17.5":
  version "0.17.5"
  resolved "https://registry.yarnpkg.com/@esbuild/darwin-x64/-/darwin-x64-0.17.5.tgz#54b770f0c49f524ae9ba24c85d6dea8b521f610d"
  integrity sha512-ha7QCJh1fuSwwCgoegfdaljowwWozwTDjBgjD3++WAy/qwee5uUi1gvOg2WENJC6EUyHBOkcd3YmLDYSZ2TPPA==

"@esbuild/freebsd-arm64@0.17.5":
  version "0.17.5"
  resolved "https://registry.yarnpkg.com/@esbuild/freebsd-arm64/-/freebsd-arm64-0.17.5.tgz#be1dd18b7b9411f10bdc362ba8bff16386175367"
  integrity sha512-VbdXJkn2aI2pQ/wxNEjEcnEDwPpxt3CWWMFYmO7CcdFBoOsABRy2W8F3kjbF9F/pecEUDcI3b5i2w+By4VQFPg==

"@esbuild/freebsd-x64@0.17.5":
  version "0.17.5"
  resolved "https://registry.yarnpkg.com/@esbuild/freebsd-x64/-/freebsd-x64-0.17.5.tgz#c9c1960fa3e1eada4e5d4be2a11a2f04ce14198f"
  integrity sha512-olgGYND1/XnnWxwhjtY3/ryjOG/M4WfcA6XH8dBTH1cxMeBemMODXSFhkw71Kf4TeZFFTN25YOomaNh0vq2iXg==

"@esbuild/linux-arm64@0.17.5":
  version "0.17.5"
  resolved "https://registry.yarnpkg.com/@esbuild/linux-arm64/-/linux-arm64-0.17.5.tgz#34d96d11c6899017ecae42fb97de8e0c3282902f"
  integrity sha512-8a0bqSwu3OlLCfu2FBbDNgQyBYdPJh1B9PvNX7jMaKGC9/KopgHs37t+pQqeMLzcyRqG6z55IGNQAMSlCpBuqg==

"@esbuild/linux-arm@0.17.5":
  version "0.17.5"
  resolved "https://registry.yarnpkg.com/@esbuild/linux-arm/-/linux-arm-0.17.5.tgz#86332e6293fd713a54ab299a5e2ed7c60c9e1c07"
  integrity sha512-YBdCyQwA3OQupi6W2/WO4FnI+NWFWe79cZEtlbqSESOHEg7a73htBIRiE6uHPQe7Yp5E4aALv+JxkRLGEUL7tw==

"@esbuild/linux-ia32@0.17.5":
  version "0.17.5"
  resolved "https://registry.yarnpkg.com/@esbuild/linux-ia32/-/linux-ia32-0.17.5.tgz#7bd9185c844e7dfce6a01dfdec584e115602a8c4"
  integrity sha512-uCwm1r/+NdP7vndctgq3PoZrnmhmnecWAr114GWMRwg2QMFFX+kIWnp7IO220/JLgnXK/jP7VKAFBGmeOYBQYQ==

"@esbuild/linux-loong64@0.17.5":
  version "0.17.5"
  resolved "https://registry.yarnpkg.com/@esbuild/linux-loong64/-/linux-loong64-0.17.5.tgz#2907d4120c7b3642b96be6014f77e7624c378eea"
  integrity sha512-3YxhSBl5Sb6TtBjJu+HP93poBruFzgXmf3PVfIe4xOXMj1XpxboYZyw3W8BhoX/uwxzZz4K1I99jTE/5cgDT1g==

"@esbuild/linux-mips64el@0.17.5":
  version "0.17.5"
  resolved "https://registry.yarnpkg.com/@esbuild/linux-mips64el/-/linux-mips64el-0.17.5.tgz#fc98be741e8080ecd13b404d5fca5302d3835bf4"
  integrity sha512-Hy5Z0YVWyYHdtQ5mfmfp8LdhVwGbwVuq8mHzLqrG16BaMgEmit2xKO+iDakHs+OetEx0EN/2mUzDdfdktI+Nmg==

"@esbuild/linux-ppc64@0.17.5":
  version "0.17.5"
  resolved "https://registry.yarnpkg.com/@esbuild/linux-ppc64/-/linux-ppc64-0.17.5.tgz#ea12e8f6b290a613ac4903c9e00835c69ced065c"
  integrity sha512-5dbQvBLbU/Y3Q4ABc9gi23hww1mQcM7KZ9KBqabB7qhJswYMf8WrDDOSw3gdf3p+ffmijMd28mfVMvFucuECyg==

"@esbuild/linux-riscv64@0.17.5":
  version "0.17.5"
  resolved "https://registry.yarnpkg.com/@esbuild/linux-riscv64/-/linux-riscv64-0.17.5.tgz#ce47b15fd4227eeb0590826e41bdc430c5bfd06c"
  integrity sha512-fp/KUB/ZPzEWGTEUgz9wIAKCqu7CjH1GqXUO2WJdik1UNBQ7Xzw7myIajpxztE4Csb9504ERiFMxZg5KZ6HlZQ==

"@esbuild/linux-s390x@0.17.5":
  version "0.17.5"
  resolved "https://registry.yarnpkg.com/@esbuild/linux-s390x/-/linux-s390x-0.17.5.tgz#962fa540d7498967270eb1d4b9ac6c4a4f339735"
  integrity sha512-kRV3yw19YDqHTp8SfHXfObUFXlaiiw4o2lvT1XjsPZ++22GqZwSsYWJLjMi1Sl7j9qDlDUduWDze/nQx0d6Lzw==

"@esbuild/linux-x64@0.17.5":
  version "0.17.5"
  resolved "https://registry.yarnpkg.com/@esbuild/linux-x64/-/linux-x64-0.17.5.tgz#9fa52884c3d876593a522aa1d4df43b717907050"
  integrity sha512-vnxuhh9e4pbtABNLbT2ANW4uwQ/zvcHRCm1JxaYkzSehugoFd5iXyC4ci1nhXU13mxEwCnrnTIiiSGwa/uAF1g==

"@esbuild/netbsd-x64@0.17.5":
  version "0.17.5"
  resolved "https://registry.yarnpkg.com/@esbuild/netbsd-x64/-/netbsd-x64-0.17.5.tgz#47bb187b86aad9622051cb80c27e439b7d9e3a9a"
  integrity sha512-cigBpdiSx/vPy7doUyImsQQBnBjV5f1M99ZUlaJckDAJjgXWl6y9W17FIfJTy8TxosEF6MXq+fpLsitMGts2nA==

"@esbuild/openbsd-x64@0.17.5":
  version "0.17.5"
  resolved "https://registry.yarnpkg.com/@esbuild/openbsd-x64/-/openbsd-x64-0.17.5.tgz#abc55c35a1ed2bc3c5ede2ef50a3b2f87395009a"
  integrity sha512-VdqRqPVIjjZfkf40LrqOaVuhw9EQiAZ/GNCSM2UplDkaIzYVsSnycxcFfAnHdWI8Gyt6dO15KHikbpxwx+xHbw==

"@esbuild/sunos-x64@0.17.5":
  version "0.17.5"
  resolved "https://registry.yarnpkg.com/@esbuild/sunos-x64/-/sunos-x64-0.17.5.tgz#b83c080a2147662599a5d18b2ff47f07c93e03a0"
  integrity sha512-ItxPaJ3MBLtI4nK+mALLEoUs6amxsx+J1ibnfcYMkqaCqHST1AkF4aENpBehty3czqw64r/XqL+W9WqU6kc2Qw==

"@esbuild/win32-arm64@0.17.5":
  version "0.17.5"
  resolved "https://registry.yarnpkg.com/@esbuild/win32-arm64/-/win32-arm64-0.17.5.tgz#2a4c41f427d9cf25b75f9d61493711a482106850"
  integrity sha512-4u2Q6qsJTYNFdS9zHoAi80spzf78C16m2wla4eJPh4kSbRv+BpXIfl6TmBSWupD8e47B1NrTfrOlEuco7mYQtg==

"@esbuild/win32-ia32@0.17.5":
  version "0.17.5"
  resolved "https://registry.yarnpkg.com/@esbuild/win32-ia32/-/win32-ia32-0.17.5.tgz#7c14e3250725d0e2c21f89c98eb6abb520cba0e0"
  integrity sha512-KYlm+Xu9TXsfTWAcocLuISRtqxKp/Y9ZBVg6CEEj0O5J9mn7YvBKzAszo2j1ndyzUPk+op+Tie2PJeN+BnXGqQ==

"@esbuild/win32-x64@0.17.5":
  version "0.17.5"
  resolved "https://registry.yarnpkg.com/@esbuild/win32-x64/-/win32-x64-0.17.5.tgz#a8f3d26d8afc5186eccda265ceb1820b8e8830be"
  integrity sha512-XgA9qWRqby7xdYXuF6KALsn37QGBMHsdhmnpjfZtYxKxbTOwfnDM6MYi2WuUku5poNaX2n9XGVr20zgT/2QwCw==

"@types/lodash@*":
  version "4.14.191"
  resolved "https://registry.yarnpkg.com/@types/lodash/-/lodash-4.14.191.tgz#09511e7f7cba275acd8b419ddac8da9a6a79e2fa"
  integrity sha512-BdZ5BCCvho3EIXw6wUCXHe7rS53AIDPLE+JzwgT+OsJk53oBfbSmZZ7CX4VaRoN78N+TJpFi9QPlfIVNmJYWxQ==

"@types/lowdb@^1.0.9":
  version "1.0.11"
  resolved "https://registry.yarnpkg.com/@types/lowdb/-/lowdb-1.0.11.tgz#d8336a635ea0dbd48a7f6f62fb9fccc5ec358ae3"
  integrity sha512-h99VMxvTuz+VsXUVCCJo4dsps4vbkXwvU71TpmxDoiBU24bJ0VBygIHgmMm+UPoQIFihmV6euRik4z8J7XDJWg==
  dependencies:
    "@types/lodash" "*"

"@types/node@^18.11.19":
  version "18.11.19"
  resolved "https://registry.yarnpkg.com/@types/node/-/node-18.11.19.tgz#35e26df9ec441ab99d73e99e9aca82935eea216d"
  integrity sha512-YUgMWAQBWLObABqrvx8qKO1enAvBUdjZOAWQ5grBAkp5LQv45jBvYKZ3oFS9iKRCQyFjqw6iuEa1vmFqtxYLZw==

abort-controller@^3.0.0:
  version "3.0.0"
  resolved "https://registry.yarnpkg.com/abort-controller/-/abort-controller-3.0.0.tgz#eaf54d53b62bae4138e809ca225c8439a6efb392"
  integrity sha512-h8lQ8tacZYnR3vNQTgibj+tODHI5/+l06Au2Pcriv/Gmet0eaj4TwWH41sO9wnHDiQsEj19q0drzdWdeAHtweg==
  dependencies:
    event-target-shim "^5.0.0"

buffer-alloc-unsafe@^1.1.0:
  version "1.1.0"
  resolved "https://registry.yarnpkg.com/buffer-alloc-unsafe/-/buffer-alloc-unsafe-1.1.0.tgz#bd7dc26ae2972d0eda253be061dba992349c19f0"
  integrity sha512-TEM2iMIEQdJ2yjPJoSIsldnleVaAk1oW3DBVUykyOLsEsFmEc9kn+SFFPz+gl54KQNxlDnAwCXosOS9Okx2xAg==

buffer-alloc@^1.2.0:
  version "1.2.0"
  resolved "https://registry.yarnpkg.com/buffer-alloc/-/buffer-alloc-1.2.0.tgz#890dd90d923a873e08e10e5fd51a57e5b7cce0ec"
  integrity sha512-CFsHQgjtW1UChdXgbyJGtnm+O/uLQeZdtbDo8mfUgYXCHSM1wgrVxXm6bSyrUuErEb+4sYVGCzASBRot7zyrow==
  dependencies:
    buffer-alloc-unsafe "^1.1.0"
    buffer-fill "^1.0.0"

buffer-fill@^1.0.0:
  version "1.0.0"
  resolved "https://registry.yarnpkg.com/buffer-fill/-/buffer-fill-1.0.0.tgz#f8f78b76789888ef39f205cd637f68e702122b2c"
  integrity sha512-T7zexNBwiiaCOGDg9xNX9PBmjrubblRkENuptryuI64URkXDFum9il/JGL8Lm8wYfAXpredVXXZz7eMHilimiQ==

debug@^4.3.4:
  version "4.3.4"
  resolved "https://registry.yarnpkg.com/debug/-/debug-4.3.4.tgz#1319f6579357f2338d3337d2cdd4914bb5dcc865"
  integrity sha512-PRWFHuSU3eDtQJPvnNY7Jcket1j0t5OuOsFzPPzsekD52Zl8qUfFIPEiswXqIvHWGVHOgX+7G/vCNNhehwxfkQ==
  dependencies:
    ms "2.1.2"

dotenv@^16.0.3:
  version "16.0.3"
  resolved "https://registry.yarnpkg.com/dotenv/-/dotenv-16.0.3.tgz#115aec42bac5053db3c456db30cc243a5a836a07"
  integrity sha512-7GO6HghkA5fYG9TYnNxi14/7K9f5occMlp3zXAuSxn7CKCxt9xbNWG7yF8hTCSUchlfWSe3uLmlPfigevRItzQ==

esbuild@^0.17.5:
  version "0.17.5"
  resolved "https://registry.yarnpkg.com/esbuild/-/esbuild-0.17.5.tgz#cd76d75700d49ac050ad9eedfbed777bd6a9d930"
  integrity sha512-Bu6WLCc9NMsNoMJUjGl3yBzTjVLXdysMltxQWiLAypP+/vQrf+3L1Xe8fCXzxaECus2cEJ9M7pk4yKatEwQMqQ==
  optionalDependencies:
    "@esbuild/android-arm" "0.17.5"
    "@esbuild/android-arm64" "0.17.5"
    "@esbuild/android-x64" "0.17.5"
    "@esbuild/darwin-arm64" "0.17.5"
    "@esbuild/darwin-x64" "0.17.5"
    "@esbuild/freebsd-arm64" "0.17.5"
    "@esbuild/freebsd-x64" "0.17.5"
    "@esbuild/linux-arm" "0.17.5"
    "@esbuild/linux-arm64" "0.17.5"
    "@esbuild/linux-ia32" "0.17.5"
    "@esbuild/linux-loong64" "0.17.5"
    "@esbuild/linux-mips64el" "0.17.5"
    "@esbuild/linux-ppc64" "0.17.5"
    "@esbuild/linux-riscv64" "0.17.5"
    "@esbuild/linux-s390x" "0.17.5"
    "@esbuild/linux-x64" "0.17.5"
    "@esbuild/netbsd-x64" "0.17.5"
    "@esbuild/openbsd-x64" "0.17.5"
    "@esbuild/sunos-x64" "0.17.5"
    "@esbuild/win32-arm64" "0.17.5"
    "@esbuild/win32-ia32" "0.17.5"
    "@esbuild/win32-x64" "0.17.5"

event-target-shim@^5.0.0:
  version "5.0.1"
  resolved "https://registry.yarnpkg.com/event-target-shim/-/event-target-shim-5.0.1.tgz#5d4d3ebdf9583d63a5333ce2deb7480ab2b05789"
  integrity sha512-i/2XbnSz/uxRCU6+NdVJgKWDTM427+MqYbkQzD321DuCQJUqOuJKIA0IM2+W2xtYHdKOmZ4dR6fExsd4SXL+WQ==

graceful-fs@^4.1.3:
  version "4.2.10"
  resolved "https://registry.yarnpkg.com/graceful-fs/-/graceful-fs-4.2.10.tgz#147d3a006da4ca3ce14728c7aefc287c367d7a6c"
  integrity sha512-9ByhssR2fPVsNZj478qUUbKfmL0+t5BDVyjShtyZZLiK7ZDAArFFfopyOTj0M05wE2tJPisA4iTnnXl2YoPvOA==

is-promise@^2.1.0:
  version "2.2.2"
  resolved "https://registry.yarnpkg.com/is-promise/-/is-promise-2.2.2.tgz#39ab959ccbf9a774cf079f7b40c7a26f763135f1"
  integrity sha512-+lP4/6lKUBfQjZ2pdxThZvLUAafmZb8OAxFb8XXtiQmS35INgr85hdOGoEs124ez1FCnZJt6jau/T+alh58QFQ==

lodash@4:
  version "4.17.21"
  resolved "https://registry.yarnpkg.com/lodash/-/lodash-4.17.21.tgz#679591c564c3bffaae8454cf0b3df370c3d6911c"
  integrity sha512-v2kDEe57lecTulaDIuNTPy3Ry4gLGJ6Z1O3vE1krgXZNrsQ+LFTGHVxVjcXPs17LhbZVGedAJv8XZ1tvj5FvSg==

lowdb@^1.0.0:
  version "1.0.0"
  resolved "https://registry.yarnpkg.com/lowdb/-/lowdb-1.0.0.tgz#5243be6b22786ccce30e50c9a33eac36b20c8064"
  integrity sha512-2+x8esE/Wb9SQ1F9IHaYWfsC9FIecLOPrK4g17FGEayjUWH172H6nwicRovGvSE2CPZouc2MCIqCI7h9d+GftQ==
  dependencies:
    graceful-fs "^4.1.3"
    is-promise "^2.1.0"
    lodash "4"
    pify "^3.0.0"
    steno "^0.4.1"

mri@^1.2.0:
  version "1.2.0"
  resolved "https://registry.yarnpkg.com/mri/-/mri-1.2.0.tgz#6721480fec2a11a4889861115a48b6cbe7cc8f0b"
  integrity sha512-tzzskb3bG8LvYGFF/mDTpq3jpI6Q9wc3LEmBaghu+DdCssd1FakN7Bc0hVNmEyGq1bq3RgfkCb3cmQLpNPOroA==

ms@2.1.2:
  version "2.1.2"
  resolved "https://registry.yarnpkg.com/ms/-/ms-2.1.2.tgz#d09d1f357b443f493382a8eb3ccd183872ae6009"
  integrity sha512-sGkPx+VjMtmA6MX27oA4FBFELFCZZ4S4XqeGOXCv68tT+jb3vk/RyaKWP0PTKyWtmLSM0b+adUTEvbs1PEaH2w==

node-fetch@^2.6.7:
  version "2.6.9"
  resolved "https://registry.yarnpkg.com/node-fetch/-/node-fetch-2.6.9.tgz#7c7f744b5cc6eb5fd404e0c7a9fec630a55657e6"
  integrity sha512-DJm/CJkZkRjKKj4Zi4BsKVZh3ValV5IR5s7LVZnW+6YMh0W1BfNA8XSs6DLMGYlId5F3KnA70uu2qepcR08Qqg==
  dependencies:
    whatwg-url "^5.0.0"

p-timeout@^4.1.0:
  version "4.1.0"
  resolved "https://registry.yarnpkg.com/p-timeout/-/p-timeout-4.1.0.tgz#788253c0452ab0ffecf18a62dff94ff1bd09ca0a"
  integrity sha512-+/wmHtzJuWii1sXn3HCuH/FTwGhrp4tmJTxSKJbfS+vkipci6osxXM5mY0jUiRzWKMTgUT8l7HFbeSwZAynqHw==

pify@^3.0.0:
  version "3.0.0"
  resolved "https://registry.yarnpkg.com/pify/-/pify-3.0.0.tgz#e5a4acd2c101fdf3d9a4d07f0dbc4db49dd28176"
  integrity sha512-C3FsVNH1udSEX48gGX1xfvwTWfsYWj5U+8/uK15BGzIGrKoUpghX8hWZwa/OFnakBiiVNmBvemTJR5mcy7iPcg==

safe-compare@^1.1.4:
  version "1.1.4"
  resolved "https://registry.yarnpkg.com/safe-compare/-/safe-compare-1.1.4.tgz#5e0128538a82820e2e9250cd78e45da6786ba593"
  integrity sha512-b9wZ986HHCo/HbKrRpBJb2kqXMK9CEWIE1egeEvZsYn69ay3kdfl9nG3RyOcR+jInTDf7a86WQ1d4VJX7goSSQ==
  dependencies:
    buffer-alloc "^1.2.0"

sandwich-stream@^2.0.2:
  version "2.0.2"
  resolved "https://registry.yarnpkg.com/sandwich-stream/-/sandwich-stream-2.0.2.tgz#6d1feb6cf7e9fe9fadb41513459a72c2e84000fa"
  integrity sha512-jLYV0DORrzY3xaz/S9ydJL6Iz7essZeAfnAavsJ+zsJGZ1MOnsS52yRjU3uF3pJa/lla7+wisp//fxOwOH8SKQ==

steno@^0.4.1:
  version "0.4.4"
  resolved "https://registry.yarnpkg.com/steno/-/steno-0.4.4.tgz#071105bdfc286e6615c0403c27e9d7b5dcb855cb"
  integrity sha512-EEHMVYHNXFHfGtgjNITnka0aHhiAlo93F7z2/Pwd+g0teG9CnM3JIINM7hVVB5/rhw9voufD7Wukwgtw2uqh6w==
  dependencies:
    graceful-fs "^4.1.3"

telegraf-session-local@^2.1.1:
  version "2.1.1"
  resolved "https://registry.yarnpkg.com/telegraf-session-local/-/telegraf-session-local-2.1.1.tgz#0e5937daa2cd6dff7e6c14a78f3691f19c5aa1a9"
  integrity sha512-ApcTkNh8MizkuOmt+MReKDWQkflNHkOQthuLmRc+zM+ltMTOxHRd5kKvMBKCiNFA77frDRs1a3ryUDRpF+JPJA==
  dependencies:
    "@types/lowdb" "^1.0.9"
    lowdb "^1.0.0"

telegraf@^4.11.2:
  version "4.11.2"
  resolved "https://registry.yarnpkg.com/telegraf/-/telegraf-4.11.2.tgz#1cf4e74418b4fb6eaddd11a74cc50b0971c06c35"
  integrity sha512-RGEh+NXkHbq1KcSSbJeVYhHMrEN4rymd9DSe3SoIV0886bJPBHLzYCNrOqnk9aeZE2Idwh5uK0X/xbR6jScQKQ==
  dependencies:
    abort-controller "^3.0.0"
    debug "^4.3.4"
    mri "^1.2.0"
    node-fetch "^2.6.7"
    p-timeout "^4.1.0"
    safe-compare "^1.1.4"
    sandwich-stream "^2.0.2"
    typegram "^4.1.0"

tr46@~0.0.3:
  version "0.0.3"
  resolved "https://registry.yarnpkg.com/tr46/-/tr46-0.0.3.tgz#8184fd347dac9cdc185992f3a6622e14b9d9ab6a"
  integrity sha512-N3WMsuqV66lT30CrXNbEjx4GEwlow3v6rr4mCcv6prnfwhS01rkgyFdjPNBYd9br7LpXV1+Emh01fHnq2Gdgrw==

typegram@^4.1.0:
  version "4.3.0"
  resolved "https://registry.yarnpkg.com/typegram/-/typegram-4.3.0.tgz#690ec1287f771608070e149c92de4fca42e54db0"
  integrity sha512-pS4STyOZoJ++Mwa9GPMTNjOwEzMkxFfFt1By6IbMOJfheP0utMP/H1ga6J9R4DTjAYBr0UDn4eQg++LpWBvcAg==

webidl-conversions@^3.0.0:
  version "3.0.1"
  resolved "https://registry.yarnpkg.com/webidl-conversions/-/webidl-conversions-3.0.1.tgz#24534275e2a7bc6be7bc86611cc16ae0a5654871"
  integrity sha512-2JAn3z8AR6rjK8Sm8orRC0h/bcl/DqL7tRPdGZ4I1CjdF+EaMLmYxBHyXuKL849eucPFhvBoxMsflfOb8kxaeQ==

whatwg-url@^5.0.0:
  version "5.0.0"
  resolved "https://registry.yarnpkg.com/whatwg-url/-/whatwg-url-5.0.0.tgz#966454e8765462e37644d3626f6742ce8b70965d"
  integrity sha512-saE57nupxk6v3HY35+jzBwYa0rKSy0XR8JSxZPwgLr7ys0IBzhGviA1/TUGJLmSVqs8pb9AnvICXEuOHLprYTw==
  dependencies:
    tr46 "~0.0.3"
    webidl-conversions "^3.0.0"
